
Microsoft Visual Studio Solution File, Format Version 12.00
# Visual Studio Version 17
VisualStudioVersion = 17.13.35828.75 d17.13
MinimumVisualStudioVersion = 10.0.40219.1
Project("{FAE04EC0-301F-11D3-BF4B-00C04F79EFBC}") = "MgeniTrack", "MgeniTrack.csproj", "{89772451-4B73-483D-B000-17590D9AFE24}"
EndProject
Global
	GlobalSection(SolutionConfigurationPlatforms) = preSolution
		Debug|Any CPU = Debug|Any CPU
		Release|Any CPU = Release|Any CPU
	EndGlobalSection
	GlobalSection(ProjectConfigurationPlatforms) = postSolution
		{89772451-4B73-483D-B000-17590D9AFE24}.Debug|Any CPU.ActiveCfg = Debug|Any CPU
		{89772451-4B73-483D-B000-17590D9AFE24}.Debug|Any CPU.Build.0 = Debug|Any CPU
		{89772451-4B73-483D-B000-17590D9AFE24}.Release|Any CPU.ActiveCfg = Release|Any CPU
		{89772451-4B73-483D-B000-17590D9AFE24}.Release|Any CPU.Build.0 = Release|Any CPU
	EndGlobalSection
	GlobalSection(SolutionProperties) = preSolution
		HideSolutionNode = FALSE
	EndGlobalSection
	GlobalSection(ExtensibilityGlobals) = postSolution
		SolutionGuid = {022D4714-9ECE-4070-82E5-5B50867E234C}
	EndGlobalSection
EndGlobal
